
Microsoft Visual Studio Solution File, Format Version 12.00
# Visual Studio Version 16
VisualStudioVersion = 16.0.30011.22
MinimumVisualStudioVersion = 10.0.40219.1
Project("{9A19103F-16F7-4668-BE54-9A1E7A4F7556}") = "Client", "Client\Client.csproj", "{22011190-AA4E-4316-89BA-38AB7BF512BD}"
EndProject
Project("{9A19103F-16F7-4668-BE54-9A1E7A4F7556}") = "Library", "Library\Library.csproj", "{20321F81-3A2A-4605-A82B-BDB48AF006A0}"
EndProject
Global
	GlobalSection(SolutionConfigurationPlatforms) = preSolution
		Debug|Any CPU = Debug|Any CPU
		Release|Any CPU = Release|Any CPU
	EndGlobalSection
	GlobalSection(ProjectConfigurationPlatforms) = postSolution
		{22011190-AA4E-4316-89BA-38AB7BF512BD}.Debug|Any CPU.ActiveCfg = Debug|Any CPU
		{22011190-AA4E-4316-89BA-38AB7BF512BD}.Debug|Any CPU.Build.0 = Debug|Any CPU
		{22011190-AA4E-4316-89BA-38AB7BF512BD}.Release|Any CPU.ActiveCfg = Release|Any CPU
		{22011190-AA4E-4316-89BA-38AB7BF512BD}.Release|Any CPU.Build.0 = Release|Any CPU
		{20321F81-3A2A-4605-A82B-BDB48AF006A0}.Debug|Any CPU.ActiveCfg = Debug|Any CPU
		{20321F81-3A2A-4605-A82B-BDB48AF006A0}.Debug|Any CPU.Build.0 = Debug|Any CPU
		{20321F81-3A2A-4605-A82B-BDB48AF006A0}.Release|Any CPU.ActiveCfg = Release|Any CPU
		{20321F81-3A2A-4605-A82B-BDB48AF006A0}.Release|Any CPU.Build.0 = Release|Any CPU
	EndGlobalSection
	GlobalSection(SolutionProperties) = preSolution
		HideSolutionNode = FALSE
	EndGlobalSection
	GlobalSection(ExtensibilityGlobals) = postSolution
		SolutionGuid = {B0680C6A-5D55-4A54-B461-860C92647BBF}
	EndGlobalSection
EndGlobal
